# THIS IS AN AUTOGENERATED FILE. DO NOT EDIT THIS FILE DIRECTLY.
# yarn lockfile v1


bignumber.js@^6.0.0:
  version "6.0.0"
  resolved "https://registry.yarnpkg.com/bignumber.js/-/bignumber.js-6.0.0.tgz#bbfa047644609a5af093e9cbd83b0461fa3f6002"

zeppelin-solidity@^1.9.0:
  version "1.9.0"
  resolved "https://registry.yarnpkg.com/zeppelin-solidity/-/zeppelin-solidity-1.9.0.tgz#463ac7dc04480f8c9c4f9e1db3da96a39009fe6c"
